{
  "lockfileVersion": 1,
  "configVersion": 0,
  "workspaces": {
    "": {
      "name": "pingvin-share",
      "devDependencies": {
        "conventional-changelog-cli": "^3.0.0",
      },
    },
  },
  "packages": {
    "@babel/code-frame": ["@babel/code-frame@7.23.5", "", { "dependencies": { "@babel/highlight": "^7.23.4", "chalk": "^2.4.2" } }, ""],

    "@babel/helper-validator-identifier": ["@babel/helper-validator-identifier@7.22.20", "", {}, ""],

    "@babel/highlight": ["@babel/highlight@7.23.4", "", { "dependencies": { "@babel/helper-validator-identifier": "^7.22.20", "chalk": "^2.4.2", "js-tokens": "^4.0.0" } }, ""],

    "@hutson/parse-repository-url": ["@hutson/parse-repository-url@3.0.2", "", {}, ""],

    "@types/minimist": ["@types/minimist@1.2.5", "", {}, ""],

    "@types/normalize-package-data": ["@types/normalize-package-data@2.4.4", "", {}, ""],

    "JSONStream": ["JSONStream@1.3.5", "", { "dependencies": { "jsonparse": "^1.2.0", "through": ">=2.2.7 <3" }, "bin": "bin.js" }, ""],

    "add-stream": ["add-stream@1.0.0", "", {}, ""],

    "ansi-regex": ["ansi-regex@5.0.1", "", {}, ""],

    "ansi-styles": ["ansi-styles@4.3.0", "", { "dependencies": { "color-convert": "^2.0.1" } }, ""],

    "array-ify": ["array-ify@1.0.0", "", {}, ""],

    "arrify": ["arrify@1.0.1", "", {}, ""],

    "camelcase": ["camelcase@5.3.1", "", {}, ""],

    "camelcase-keys": ["camelcase-keys@6.2.2", "", { "dependencies": { "camelcase": "^5.3.1", "map-obj": "^4.0.0", "quick-lru": "^4.0.1" } }, ""],

    "chalk": ["chalk@2.4.2", "", { "dependencies": { "ansi-styles": "^3.2.1", "escape-string-regexp": "^1.0.5", "supports-color": "^5.3.0" } }, ""],

    "cliui": ["cliui@7.0.4", "", { "dependencies": { "string-width": "^4.2.0", "strip-ansi": "^6.0.0", "wrap-ansi": "^7.0.0" } }, ""],

    "color-convert": ["color-convert@2.0.1", "", { "dependencies": { "color-name": "~1.1.4" } }, ""],

    "color-name": ["color-name@1.1.4", "", {}, ""],

    "compare-func": ["compare-func@2.0.0", "", { "dependencies": { "array-ify": "^1.0.0", "dot-prop": "^5.1.0" } }, ""],

    "conventional-changelog": ["conventional-changelog@4.0.0", "", { "dependencies": { "conventional-changelog-angular": "^6.0.0", "conventional-changelog-atom": "^3.0.0", "conventional-changelog-codemirror": "^3.0.0", "conventional-changelog-conventionalcommits": "^6.0.0", "conventional-changelog-core": "^5.0.0", "conventional-changelog-ember": "^3.0.0", "conventional-changelog-eslint": "^4.0.0", "conventional-changelog-express": "^3.0.0", "conventional-changelog-jquery": "^4.0.0", "conventional-changelog-jshint": "^3.0.0", "conventional-changelog-preset-loader": "^3.0.0" } }, ""],

    "conventional-changelog-angular": ["conventional-changelog-angular@6.0.0", "", { "dependencies": { "compare-func": "^2.0.0" } }, ""],

    "conventional-changelog-atom": ["conventional-changelog-atom@3.0.0", "", {}, ""],

    "conventional-changelog-cli": ["conventional-changelog-cli@3.0.0", "", { "dependencies": { "add-stream": "^1.0.0", "conventional-changelog": "^4.0.0", "meow": "^8.1.2", "tempfile": "^3.0.0" }, "bin": { "conventional-changelog": "cli.js" } }, "sha512-3zMYi0IrfNd6AAHdPMrcgCg5DbcffiqNaEBf8cYrlntXPbBIXaELTbnRmUy5TQAe0Hkgi0J6+/VmRCkkJQflcQ=="],

    "conventional-changelog-codemirror": ["conventional-changelog-codemirror@3.0.0", "", {}, ""],

    "conventional-changelog-conventionalcommits": ["conventional-changelog-conventionalcommits@6.1.0", "", { "dependencies": { "compare-func": "^2.0.0" } }, ""],

    "conventional-changelog-core": ["conventional-changelog-core@5.0.2", "", { "dependencies": { "add-stream": "^1.0.0", "conventional-changelog-writer": "^6.0.0", "conventional-commits-parser": "^4.0.0", "dateformat": "^3.0.3", "get-pkg-repo": "^4.2.1", "git-raw-commits": "^3.0.0", "git-remote-origin-url": "^2.0.0", "git-semver-tags": "^5.0.0", "normalize-package-data": "^3.0.3", "read-pkg": "^3.0.0", "read-pkg-up": "^3.0.0" } }, ""],

    "conventional-changelog-ember": ["conventional-changelog-ember@3.0.0", "", {}, ""],

    "conventional-changelog-eslint": ["conventional-changelog-eslint@4.0.0", "", {}, ""],

    "conventional-changelog-express": ["conventional-changelog-express@3.0.0", "", {}, ""],

    "conventional-changelog-jquery": ["conventional-changelog-jquery@4.0.0", "", {}, ""],

    "conventional-changelog-jshint": ["conventional-changelog-jshint@3.0.0", "", { "dependencies": { "compare-func": "^2.0.0" } }, ""],

    "conventional-changelog-preset-loader": ["conventional-changelog-preset-loader@3.0.0", "", {}, ""],

    "conventional-changelog-writer": ["conventional-changelog-writer@6.0.1", "", { "dependencies": { "conventional-commits-filter": "^3.0.0", "dateformat": "^3.0.3", "handlebars": "^4.7.7", "json-stringify-safe": "^5.0.1", "meow": "^8.1.2", "semver": "^7.0.0", "split": "^1.0.1" }, "bin": "cli.js" }, ""],

    "conventional-commits-filter": ["conventional-commits-filter@3.0.0", "", { "dependencies": { "lodash.ismatch": "^4.4.0", "modify-values": "^1.0.1" } }, ""],

    "conventional-commits-parser": ["conventional-commits-parser@4.0.0", "", { "dependencies": { "JSONStream": "^1.3.5", "is-text-path": "^1.0.1", "meow": "^8.1.2", "split2": "^3.2.2" }, "bin": "cli.js" }, ""],

    "core-util-is": ["core-util-is@1.0.3", "", {}, ""],

    "dargs": ["dargs@7.0.0", "", {}, ""],

    "dateformat": ["dateformat@3.0.3", "", {}, ""],

    "decamelize": ["decamelize@1.2.0", "", {}, ""],

    "decamelize-keys": ["decamelize-keys@1.1.1", "", { "dependencies": { "decamelize": "^1.1.0", "map-obj": "^1.0.0" } }, ""],

    "dot-prop": ["dot-prop@5.3.0", "", { "dependencies": { "is-obj": "^2.0.0" } }, ""],

    "emoji-regex": ["emoji-regex@8.0.0", "", {}, ""],

    "error-ex": ["error-ex@1.3.2", "", { "dependencies": { "is-arrayish": "^0.2.1" } }, ""],

    "escalade": ["escalade@3.1.2", "", {}, ""],

    "escape-string-regexp": ["escape-string-regexp@1.0.5", "", {}, ""],

    "find-up": ["find-up@4.1.0", "", { "dependencies": { "locate-path": "^5.0.0", "path-exists": "^4.0.0" } }, ""],

    "function-bind": ["function-bind@1.1.2", "", {}, ""],

    "get-caller-file": ["get-caller-file@2.0.5", "", {}, ""],

    "get-pkg-repo": ["get-pkg-repo@4.2.1", "", { "dependencies": { "@hutson/parse-repository-url": "^3.0.0", "hosted-git-info": "^4.0.0", "through2": "^2.0.0", "yargs": "^16.2.0" }, "bin": "src/cli.js" }, ""],

    "git-raw-commits": ["git-raw-commits@3.0.0", "", { "dependencies": { "dargs": "^7.0.0", "meow": "^8.1.2", "split2": "^3.2.2" }, "bin": "cli.js" }, ""],

    "git-remote-origin-url": ["git-remote-origin-url@2.0.0", "", { "dependencies": { "gitconfiglocal": "^1.0.0", "pify": "^2.3.0" } }, ""],

    "git-semver-tags": ["git-semver-tags@5.0.1", "", { "dependencies": { "meow": "^8.1.2", "semver": "^7.0.0" }, "bin": "cli.js" }, ""],

    "gitconfiglocal": ["gitconfiglocal@1.0.0", "", { "dependencies": { "ini": "^1.3.2" } }, ""],

    "graceful-fs": ["graceful-fs@4.2.11", "", {}, ""],

    "handlebars": ["handlebars@4.7.8", "", { "dependencies": { "minimist": "^1.2.5", "neo-async": "^2.6.2", "source-map": "^0.6.1", "wordwrap": "^1.0.0" }, "optionalDependencies": { "uglify-js": "^3.1.4" }, "bin": "bin/handlebars" }, ""],

    "hard-rejection": ["hard-rejection@2.1.0", "", {}, ""],

    "has-flag": ["has-flag@3.0.0", "", {}, ""],

    "hasown": ["hasown@2.0.1", "", { "dependencies": { "function-bind": "^1.1.2" } }, ""],

    "hosted-git-info": ["hosted-git-info@4.1.0", "", { "dependencies": { "lru-cache": "^6.0.0" } }, ""],

    "indent-string": ["indent-string@4.0.0", "", {}, ""],

    "inherits": ["inherits@2.0.4", "", {}, ""],

    "ini": ["ini@1.3.8", "", {}, ""],

    "is-arrayish": ["is-arrayish@0.2.1", "", {}, ""],

    "is-core-module": ["is-core-module@2.13.1", "", { "dependencies": { "hasown": "^2.0.0" } }, ""],

    "is-fullwidth-code-point": ["is-fullwidth-code-point@3.0.0", "", {}, ""],

    "is-obj": ["is-obj@2.0.0", "", {}, ""],

    "is-plain-obj": ["is-plain-obj@1.1.0", "", {}, ""],

    "is-text-path": ["is-text-path@1.0.1", "", { "dependencies": { "text-extensions": "^1.0.0" } }, ""],

    "isarray": ["isarray@1.0.0", "", {}, ""],

    "js-tokens": ["js-tokens@4.0.0", "", {}, ""],

    "json-parse-better-errors": ["json-parse-better-errors@1.0.2", "", {}, ""],

    "json-parse-even-better-errors": ["json-parse-even-better-errors@2.3.1", "", {}, ""],

    "json-stringify-safe": ["json-stringify-safe@5.0.1", "", {}, ""],

    "jsonparse": ["jsonparse@1.3.1", "", {}, ""],

    "kind-of": ["kind-of@6.0.3", "", {}, ""],

    "lines-and-columns": ["lines-and-columns@1.2.4", "", {}, ""],

    "load-json-file": ["load-json-file@4.0.0", "", { "dependencies": { "graceful-fs": "^4.1.2", "parse-json": "^4.0.0", "pify": "^3.0.0", "strip-bom": "^3.0.0" } }, ""],

    "locate-path": ["locate-path@5.0.0", "", { "dependencies": { "p-locate": "^4.1.0" } }, ""],

    "lodash.ismatch": ["lodash.ismatch@4.4.0", "", {}, ""],

    "lru-cache": ["lru-cache@6.0.0", "", { "dependencies": { "yallist": "^4.0.0" } }, ""],

    "map-obj": ["map-obj@4.3.0", "", {}, ""],

    "meow": ["meow@8.1.2", "", { "dependencies": { "@types/minimist": "^1.2.0", "camelcase-keys": "^6.2.2", "decamelize-keys": "^1.1.0", "hard-rejection": "^2.1.0", "minimist-options": "4.1.0", "normalize-package-data": "^3.0.0", "read-pkg-up": "^7.0.1", "redent": "^3.0.0", "trim-newlines": "^3.0.0", "type-fest": "^0.18.0", "yargs-parser": "^20.2.3" } }, ""],

    "min-indent": ["min-indent@1.0.1", "", {}, ""],

    "minimist": ["minimist@1.2.8", "", {}, ""],

    "minimist-options": ["minimist-options@4.1.0", "", { "dependencies": { "arrify": "^1.0.1", "is-plain-obj": "^1.1.0", "kind-of": "^6.0.3" } }, ""],

    "modify-values": ["modify-values@1.0.1", "", {}, ""],

    "neo-async": ["neo-async@2.6.2", "", {}, ""],

    "normalize-package-data": ["normalize-package-data@3.0.3", "", { "dependencies": { "hosted-git-info": "^4.0.1", "is-core-module": "^2.5.0", "semver": "^7.3.4", "validate-npm-package-license": "^3.0.1" } }, ""],

    "p-limit": ["p-limit@2.3.0", "", { "dependencies": { "p-try": "^2.0.0" } }, ""],

    "p-locate": ["p-locate@4.1.0", "", { "dependencies": { "p-limit": "^2.2.0" } }, ""],

    "p-try": ["p-try@2.2.0", "", {}, ""],

    "parse-json": ["parse-json@5.2.0", "", { "dependencies": { "@babel/code-frame": "^7.0.0", "error-ex": "^1.3.1", "json-parse-even-better-errors": "^2.3.0", "lines-and-columns": "^1.1.6" } }, ""],

    "path-exists": ["path-exists@4.0.0", "", {}, ""],

    "path-parse": ["path-parse@1.0.7", "", {}, ""],

    "path-type": ["path-type@3.0.0", "", { "dependencies": { "pify": "^3.0.0" } }, ""],

    "pify": ["pify@2.3.0", "", {}, ""],

    "process-nextick-args": ["process-nextick-args@2.0.1", "", {}, ""],

    "quick-lru": ["quick-lru@4.0.1", "", {}, ""],

    "read-pkg": ["read-pkg@3.0.0", "", { "dependencies": { "load-json-file": "^4.0.0", "normalize-package-data": "^2.3.2", "path-type": "^3.0.0" } }, ""],

    "read-pkg-up": ["read-pkg-up@7.0.1", "", { "dependencies": { "find-up": "^4.1.0", "read-pkg": "^5.2.0", "type-fest": "^0.8.1" } }, ""],

    "readable-stream": ["readable-stream@3.6.2", "", { "dependencies": { "inherits": "^2.0.3", "string_decoder": "^1.1.1", "util-deprecate": "^1.0.1" } }, ""],

    "redent": ["redent@3.0.0", "", { "dependencies": { "indent-string": "^4.0.0", "strip-indent": "^3.0.0" } }, ""],

    "require-directory": ["require-directory@2.1.1", "", {}, ""],

    "resolve": ["resolve@1.22.8", "", { "dependencies": { "is-core-module": "^2.13.0", "path-parse": "^1.0.7", "supports-preserve-symlinks-flag": "^1.0.0" }, "bin": "bin/resolve" }, ""],

    "safe-buffer": ["safe-buffer@5.1.2", "", {}, ""],

    "semver": ["semver@7.6.0", "", { "dependencies": { "lru-cache": "^6.0.0" }, "bin": "bin/semver.js" }, ""],

    "source-map": ["source-map@0.6.1", "", {}, ""],

    "spdx-correct": ["spdx-correct@3.2.0", "", { "dependencies": { "spdx-expression-parse": "^3.0.0", "spdx-license-ids": "^3.0.0" } }, ""],

    "spdx-exceptions": ["spdx-exceptions@2.5.0", "", {}, ""],

    "spdx-expression-parse": ["spdx-expression-parse@3.0.1", "", { "dependencies": { "spdx-exceptions": "^2.1.0", "spdx-license-ids": "^3.0.0" } }, ""],

    "spdx-license-ids": ["spdx-license-ids@3.0.17", "", {}, ""],

    "split": ["split@1.0.1", "", { "dependencies": { "through": "2" } }, ""],

    "split2": ["split2@3.2.2", "", { "dependencies": { "readable-stream": "^3.0.0" } }, ""],

    "string-width": ["string-width@4.2.3", "", { "dependencies": { "emoji-regex": "^8.0.0", "is-fullwidth-code-point": "^3.0.0", "strip-ansi": "^6.0.1" } }, ""],

    "string_decoder": ["string_decoder@1.3.0", "", { "dependencies": { "safe-buffer": "~5.2.0" } }, ""],

    "strip-ansi": ["strip-ansi@6.0.1", "", { "dependencies": { "ansi-regex": "^5.0.1" } }, ""],

    "strip-bom": ["strip-bom@3.0.0", "", {}, ""],

    "strip-indent": ["strip-indent@3.0.0", "", { "dependencies": { "min-indent": "^1.0.0" } }, ""],

    "supports-color": ["supports-color@5.5.0", "", { "dependencies": { "has-flag": "^3.0.0" } }, ""],

    "supports-preserve-symlinks-flag": ["supports-preserve-symlinks-flag@1.0.0", "", {}, ""],

    "temp-dir": ["temp-dir@2.0.0", "", {}, ""],

    "tempfile": ["tempfile@3.0.0", "", { "dependencies": { "temp-dir": "^2.0.0", "uuid": "^3.3.2" } }, ""],

    "text-extensions": ["text-extensions@1.9.0", "", {}, ""],

    "through": ["through@2.3.8", "", {}, ""],

    "through2": ["through2@2.0.5", "", { "dependencies": { "readable-stream": "~2.3.6", "xtend": "~4.0.1" } }, ""],

    "trim-newlines": ["trim-newlines@3.0.1", "", {}, ""],

    "type-fest": ["type-fest@0.18.1", "", {}, ""],

    "uglify-js": ["uglify-js@3.17.4", "", { "bin": { "uglifyjs": "bin/uglifyjs" } }, ""],

    "util-deprecate": ["util-deprecate@1.0.2", "", {}, ""],

    "uuid": ["uuid@3.4.0", "", { "bin": "bin/uuid" }, ""],

    "validate-npm-package-license": ["validate-npm-package-license@3.0.4", "", { "dependencies": { "spdx-correct": "^3.0.0", "spdx-expression-parse": "^3.0.0" } }, ""],

    "wordwrap": ["wordwrap@1.0.0", "", {}, ""],

    "wrap-ansi": ["wrap-ansi@7.0.0", "", { "dependencies": { "ansi-styles": "^4.0.0", "string-width": "^4.1.0", "strip-ansi": "^6.0.0" } }, ""],

    "xtend": ["xtend@4.0.2", "", {}, ""],

    "y18n": ["y18n@5.0.8", "", {}, ""],

    "yallist": ["yallist@4.0.0", "", {}, ""],

    "yargs": ["yargs@16.2.0", "", { "dependencies": { "cliui": "^7.0.2", "escalade": "^3.1.1", "get-caller-file": "^2.0.5", "require-directory": "^2.1.1", "string-width": "^4.2.0", "y18n": "^5.0.5", "yargs-parser": "^20.2.2" } }, ""],

    "yargs-parser": ["yargs-parser@20.2.9", "", {}, ""],

    "chalk/ansi-styles": ["ansi-styles@3.2.1", "", { "dependencies": { "color-convert": "^1.9.0" } }, ""],

    "conventional-changelog-core/read-pkg-up": ["read-pkg-up@3.0.0", "", { "dependencies": { "find-up": "^2.0.0", "read-pkg": "^3.0.0" } }, ""],

    "decamelize-keys/map-obj": ["map-obj@1.0.1", "", {}, ""],

    "load-json-file/parse-json": ["parse-json@4.0.0", "", { "dependencies": { "error-ex": "^1.3.1", "json-parse-better-errors": "^1.0.1" } }, ""],

    "load-json-file/pify": ["pify@3.0.0", "", {}, ""],

    "path-type/pify": ["pify@3.0.0", "", {}, ""],

    "read-pkg/normalize-package-data": ["normalize-package-data@2.5.0", "", { "dependencies": { "hosted-git-info": "^2.1.4", "resolve": "^1.10.0", "semver": "2 || 3 || 4 || 5", "validate-npm-package-license": "^3.0.1" } }, ""],

    "read-pkg-up/read-pkg": ["read-pkg@5.2.0", "", { "dependencies": { "@types/normalize-package-data": "^2.4.0", "normalize-package-data": "^2.5.0", "parse-json": "^5.0.0", "type-fest": "^0.6.0" } }, ""],

    "read-pkg-up/type-fest": ["type-fest@0.8.1", "", {}, ""],

    "string_decoder/safe-buffer": ["safe-buffer@5.2.1", "", {}, ""],

    "through2/readable-stream": ["readable-stream@2.3.8", "", { "dependencies": { "core-util-is": "~1.0.0", "inherits": "~2.0.3", "isarray": "~1.0.0", "process-nextick-args": "~2.0.0", "safe-buffer": "~5.1.1", "string_decoder": "~1.1.1", "util-deprecate": "~1.0.1" } }, ""],

    "chalk/ansi-styles/color-convert": ["color-convert@1.9.3", "", { "dependencies": { "color-name": "1.1.3" } }, ""],

    "conventional-changelog-core/read-pkg-up/find-up": ["find-up@2.1.0", "", { "dependencies": { "locate-path": "^2.0.0" } }, ""],

    "read-pkg-up/read-pkg/normalize-package-data": ["normalize-package-data@2.5.0", "", { "dependencies": { "hosted-git-info": "^2.1.4", "resolve": "^1.10.0", "semver": "2 || 3 || 4 || 5", "validate-npm-package-license": "^3.0.1" } }, ""],

    "read-pkg-up/read-pkg/type-fest": ["type-fest@0.6.0", "", {}, ""],

    "read-pkg/normalize-package-data/hosted-git-info": ["hosted-git-info@2.8.9", "", {}, ""],

    "read-pkg/normalize-package-data/semver": ["semver@5.7.2", "", { "bin": "bin/semver" }, ""],

    "through2/readable-stream/string_decoder": ["string_decoder@1.1.1", "", { "dependencies": { "safe-buffer": "~5.1.0" } }, ""],

    "chalk/ansi-styles/color-convert/color-name": ["color-name@1.1.3", "", {}, ""],

    "conventional-changelog-core/read-pkg-up/find-up/locate-path": ["locate-path@2.0.0", "", { "dependencies": { "p-locate": "^2.0.0", "path-exists": "^3.0.0" } }, ""],

    "read-pkg-up/read-pkg/normalize-package-data/hosted-git-info": ["hosted-git-info@2.8.9", "", {}, ""],

    "read-pkg-up/read-pkg/normalize-package-data/semver": ["semver@5.7.2", "", { "bin": "bin/semver" }, ""],

    "conventional-changelog-core/read-pkg-up/find-up/locate-path/p-locate": ["p-locate@2.0.0", "", { "dependencies": { "p-limit": "^1.1.0" } }, ""],

    "conventional-changelog-core/read-pkg-up/find-up/locate-path/path-exists": ["path-exists@3.0.0", "", {}, ""],

    "conventional-changelog-core/read-pkg-up/find-up/locate-path/p-locate/p-limit": ["p-limit@1.3.0", "", { "dependencies": { "p-try": "^1.0.0" } }, ""],

    "conventional-changelog-core/read-pkg-up/find-up/locate-path/p-locate/p-limit/p-try": ["p-try@1.0.0", "", {}, ""],
  }
}
